// !$*UTF8*$!
{
	archiveVersion = 1;
	classes = {
	};
	objectVersion = 56;
	objects = {

/* Begin PBXBuildFile section */
		065AE68B2CB8360400085768 /* Jogo_do_reflexoApp.swift in Sources */ = {isa = PBXBuildFile; fileRef = 065AE68A2CB8360400085768 /* Jogo_do_reflexoApp.swift */; };
		065AE68D2CB8360400085768 /* ContentView.swift in Sources */ = {isa = PBXBuildFile; fileRef = 065AE68C2CB8360400085768 /* ContentView.swift */; };
		065AE68F2CB8360600085768 /* Assets.xcassets in Resources */ = {isa = PBXBuildFile; fileRef = 065AE68E2CB8360600085768 /* Assets.xcassets */; };
		065AE6922CB8360600085768 /* Preview Assets.xcassets in Resources */ = {isa = PBXBuildFile; fileRef = 065AE6912CB8360600085768 /* Preview Assets.xcassets */; };
		065AE69A2CB83EBC00085768 /* IrishGrover-Regular.ttf in Resources */ = {isa = PBXBuildFile; fileRef = 065AE6992CB83EBC00085768 /* IrishGrover-Regular.ttf */; };
		065AE6A32CB8460B00085768 /* AjustesView.swift in Sources */ = {isa = PBXBuildFile; fileRef = 065AE6A22CB8460B00085768 /* AjustesView.swift */; };
/* End PBXBuildFile section */

/* Begin PBXFileReference section */
		065AE6872CB8360400085768 /* Jogo do reflexo.app */ = {isa = PBXFileReference; explicitFileType = wrapper.application; includeInIndex = 0; path = "Jogo do reflexo.app"; sourceTree = BUILT_PRODUCTS_DIR; };
		065AE68A2CB8360400085768 /* Jogo_do_reflexoApp.swift */ = {isa = PBXFileReference; lastKnownFileType = sourcecode.swift; path = Jogo_do_reflexoApp.swift; sourceTree = "<group>"; };
		065AE68C2CB8360400085768 /* ContentView.swift */ = {isa = PBXFileReference; lastKnownFileType = sourcecode.swift; path = ContentView.swift; sourceTree = "<group>"; };
		065AE68E2CB8360600085768 /* Assets.xcassets */ = {isa = PBXFileReference; lastKnownFileType = folder.assetcatalog; path = Assets.xcassets; sourceTree = "<group>"; };
		065AE6912CB8360600085768 /* Preview Assets.xcassets */ = {isa = PBXFileReference; lastKnownFileType = folder.assetcatalog; path = "Preview Assets.xcassets"; sourceTree = "<group>"; };
		065AE6982CB83EAE00085768 /* IrishGrover-Regular.ttf */ = {isa = PBXFileReference; lastKnownFileType = file; path = "IrishGrover-Regular.ttf"; sourceTree = "<group>"; };
		065AE6992CB83EBC00085768 /* IrishGrover-Regular.ttf */ = {isa = PBXFileReference; lastKnownFileType = file; path = "IrishGrover-Regular.ttf"; sourceTree = "<group>"; };
		065AE69F2CB840C400085768 /* Jogo-do-reflexo-Info.plist */ = {isa = PBXFileReference; lastKnownFileType = text.plist; path = "Jogo-do-reflexo-Info.plist"; sourceTree = SOURCE_ROOT; };
		065AE6A22CB8460B00085768 /* AjustesView.swift */ = {isa = PBXFileReference; lastKnownFileType = sourcecode.swift; path = AjustesView.swift; sourceTree = "<group>"; };
/* End PBXFileReference section */

/* Begin PBXFrameworksBuildPhase section */
		065AE6842CB8360400085768 /* Frameworks */ = {
			isa = PBXFrameworksBuildPhase;
			buildActionMask = 2147483647;
			files = (
			);
			runOnlyForDeploymentPostprocessing = 0;
		};
/* End PBXFrameworksBuildPhase section */

/* Begin PBXGroup section */
		065AE67E2CB8360400085768 = {
			isa = PBXGroup;
			children = (
				065AE6892CB8360400085768 /* Jogo do reflexo */,
				065AE6882CB8360400085768 /* Products */,
			);
			sourceTree = "<group>";
		};
		065AE6882CB8360400085768 /* Products */ = {
			isa = PBXGroup;
			children = (
				065AE6872CB8360400085768 /* Jogo do reflexo.app */,
			);
			name = Products;
			sourceTree = "<group>";
		};
		065AE6892CB8360400085768 /* Jogo do reflexo */ = {
			isa = PBXGroup;
			children = (
				065AE69F2CB840C400085768 /* Jogo-do-reflexo-Info.plist */,
				065AE6992CB83EBC00085768 /* IrishGrover-Regular.ttf */,
				065AE68A2CB8360400085768 /* Jogo_do_reflexoApp.swift */,
				065AE68E2CB8360600085768 /* Assets.xcassets */,
				065AE68C2CB8360400085768 /* ContentView.swift */,
				065AE6902CB8360600085768 /* Preview Content */,
				065AE6A22CB8460B00085768 /* AjustesView.swift */,
			);
			path = "Jogo do reflexo";
			sourceTree = "<group>";
		};
		065AE6902CB8360600085768 /* Preview Content */ = {
			isa = PBXGroup;
			children = (
				065AE6982CB83EAE00085768 /* IrishGrover-Regular.ttf */,
				065AE6912CB8360600085768 /* Preview Assets.xcassets */,
			);
			path = "Preview Content";
			sourceTree = "<group>";
		};
/* End PBXGroup section */

/* Begin PBXNativeTarget section */
		065AE6862CB8360400085768 /* Jogo do reflexo */ = {
			isa = PBXNativeTarget;
			buildConfigurationList = 065AE6952CB8360600085768 /* Build configuration list for PBXNativeTarget "Jogo do reflexo" */;
			buildPhases = (
				065AE6832CB8360400085768 /* Sources */,
				065AE6842CB8360400085768 /* Frameworks */,
				065AE6852CB8360400085768 /* Resources */,
			);
			buildRules = (
			);
			dependencies = (
			);
			name = "Jogo do reflexo";
			productName = "Jogo do reflexo";
			productReference = 065AE6872CB8360400085768 /* Jogo do reflexo.app */;
			productType = "com.apple.product-type.application";
		};
/* End PBXNativeTarget section */

/* Begin PBXProject section */
		065AE67F2CB8360400085768 /* Project object */ = {
			isa = PBXProject;
			attributes = {
				BuildIndependentTargetsInParallel = 1;
				LastSwiftUpdateCheck = 1540;
				LastUpgradeCheck = 1540;
				TargetAttributes = {
					065AE6862CB8360400085768 = {
						CreatedOnToolsVersion = 15.4;
					};
				};
			};
			buildConfigurationList = 065AE6822CB8360400085768 /* Build configuration list for PBXProject "Jogo do reflexo" */;
			compatibilityVersion = "Xcode 14.0";
			developmentRegion = en;
			hasScannedForEncodings = 0;
			knownRegions = (
				en,
				Base,
			);
			mainGroup = 065AE67E2CB8360400085768;
			productRefGroup = 065AE6882CB8360400085768 /* Products */;
			projectDirPath = "";
			projectRoot = "";
			targets = (
				065AE6862CB8360400085768 /* Jogo do reflexo */,
			);
		};
/* End PBXProject section */

/* Begin PBXResourcesBuildPhase section */
		065AE6852CB8360400085768 /* Resources */ = {
			isa = PBXResourcesBuildPhase;
			buildActionMask = 2147483647;
			files = (
				065AE6922CB8360600085768 /* Preview Assets.xcassets in Resources */,
				065AE69A2CB83EBC00085768 /* IrishGrover-Regular.ttf in Resources */,
				065AE68F2CB8360600085768 /* Assets.xcassets in Resources */,
			);
			runOnlyForDeploymentPostprocessing = 0;
		};
/* End PBXResourcesBuildPhase section */

/* Begin PBXSourcesBuildPhase section */
		065AE6832CB8360400085768 /* Sources */ = {
			isa = PBXSourcesBuildPhase;
			buildActionMask = 2147483647;
			files = (
				065AE68D2CB8360400085768 /* ContentView.swift in Sources */,
				065AE68B2CB8360400085768 /* Jogo_do_reflexoApp.swift in Sources */,
				065AE6A32CB8460B00085768 /* AjustesView.swift in Sources */,
			);
			runOnlyForDeploymentPostprocessing = 0;
		};
/* End PBXSourcesBuildPhase section */

/* Begin XCBuildConfiguration section */
		065AE6932CB8360600085768 /* Debug */ = {
			isa = XCBuildConfiguration;
			buildSettings = {
				ALWAYS_SEARCH_USER_PATHS = NO;
				ASSETCATALOG_COMPILER_GENERATE_SWIFT_ASSET_SYMBOL_EXTENSIONS = YES;
				CLANG_ANALYZER_NONNULL = YES;
				CLANG_ANALYZER_NUMBER_OBJECT_CONVERSION = YES_AGGRESSIVE;
				CLANG_CXX_LANGUAGE_STANDARD = "gnu++20";
				CLANG_ENABLE_MODULES = YES;
				CLANG_ENABLE_OBJC_ARC = YES;
				CLANG_ENABLE_OBJC_WEAK = YES;
				CLANG_WARN_BLOCK_CAPTURE_AUTORELEASING = YES;
				CLANG_WARN_BOOL_CONVERSION = YES;
				CLANG_WARN_COMMA = YES;
				CLANG_WARN_CONSTANT_CONVERSION = YES;
				CLANG_WARN_DEPRECATED_OBJC_IMPLEMENTATIONS = YES;
				CLANG_WARN_DIRECT_OBJC_ISA_USAGE = YES_ERROR;
				CLANG_WARN_DOCUMENTATION_COMMENTS = YES;
				CLANG_WARN_EMPTY_BODY = YES;
				CLANG_WARN_ENUM_CONVERSION = YES;
				CLANG_WARN_INFINITE_RECURSION = YES;
				CLANG_WARN_INT_CONVERSION = YES;
				CLANG_WARN_NON_LITERAL_NULL_CONVERSION = YES;
				CLANG_WARN_OBJC_IMPLICIT_RETAIN_SELF = YES;
				CLANG_WARN_OBJC_LITERAL_CONVERSION = YES;
				CLANG_WARN_OBJC_ROOT_CLASS = YES_ERROR;
				CLANG_WARN_QUOTED_INCLUDE_IN_FRAMEWORK_HEADER = YES;
				CLANG_WARN_RANGE_LOOP_ANALYSIS = YES;
				CLANG_WARN_STRICT_PROTOTYPES = YES;
				CLANG_WARN_SUSPICIOUS_MOVE = YES;
				CLANG_WARN_UNGUARDED_AVAILABILITY = YES_AGGRESSIVE;
				CLANG_WARN_UNREACHABLE_CODE = YES;
				CLANG_WARN__DUPLICATE_METHOD_MATCH = YES;
				COPY_PHASE_STRIP = NO;
				DEBUG_INFORMATION_FORMAT = dwarf;
				ENABLE_STRICT_OBJC_MSGSEND = YES;
				ENABLE_TESTABILITY = YES;
				ENABLE_USER_SCRIPT_SANDBOXING = YES;
				GCC_C_LANGUAGE_STANDARD = gnu17;
				GCC_DYNAMIC_NO_PIC = NO;
				GCC_NO_COMMON_BLOCKS = YES;
				GCC_OPTIMIZATION_LEVEL = 0;
				GCC_PREPROCESSOR_DEFINITIONS = (
					"DEBUG=1",
					"$(inherited)",
				);
				GCC_WARN_64_TO_32_BIT_CONVERSION = YES;
				GCC_WARN_ABOUT_RETURN_TYPE = YES_ERROR;
				GCC_WARN_UNDECLARED_SELECTOR = YES;
				GCC_WARN_UNINITIALIZED_AUTOS = YES_AGGRESSIVE;
				GCC_WARN_UNUSED_FUNCTION = YES;
				GCC_WARN_UNUSED_VARIABLE = YES;
				IPHONEOS_DEPLOYMENT_TARGET = 17.5;
				LOCALIZATION_PREFERS_STRING_CATALOGS = YES;
				MTL_ENABLE_DEBUG_INFO = INCLUDE_SOURCE;
				MTL_FAST_MATH = YES;
				ONLY_ACTIVE_ARCH = YES;
				SDKROOT = iphoneos;
				SWIFT_ACTIVE_COMPILATION_CONDITIONS = "DEBUG $(inherited)";
				SWIFT_OPTIMIZATION_LEVEL = "-Onone";
			};
			name = Debug;
		};
		065AE6942CB8360600085768 /* Release */ = {
			isa = XCBuildConfiguration;
			buildSettings = {
				ALWAYS_SEARCH_USER_PATHS = NO;
				ASSETCATALOG_COMPILER_GENERATE_SWIFT_ASSET_SYMBOL_EXTENSIONS = YES;
				CLANG_ANALYZER_NONNULL = YES;
				CLANG_ANALYZER_NUMBER_OBJECT_CONVERSION = YES_AGGRESSIVE;
				CLANG_CXX_LANGUAGE_STANDARD = "gnu++20";
				CLANG_ENABLE_MODULES = YES;
				CLANG_ENABLE_OBJC_ARC = YES;
				CLANG_ENABLE_OBJC_WEAK = YES;
				CLANG_WARN_BLOCK_CAPTURE_AUTORELEASING = YES;
				CLANG_WARN_BOOL_CONVERSION = YES;
				CLANG_WARN_COMMA = YES;
				CLANG_WARN_CONSTANT_CONVERSION = YES;
				CLANG_WARN_DEPRECATED_OBJC_IMPLEMENTATIONS = YES;
				CLANG_WARN_DIRECT_OBJC_ISA_USAGE = YES_ERROR;
				CLANG_WARN_DOCUMENTATION_COMMENTS = YES;
				CLANG_WARN_EMPTY_BODY = YES;
				CLANG_WARN_ENUM_CONVERSION = YES;
				CLANG_WARN_INFINITE_RECURSION = YES;
				CLANG_WARN_INT_CONVERSION = YES;
				CLANG_WARN_NON_LITERAL_NULL_CONVERSION = YES;
				CLANG_WARN_OBJC_IMPLICIT_RETAIN_SELF = YES;
				CLANG_WARN_OBJC_LITERAL_CONVERSION = YES;
				CLANG_WARN_OBJC_ROOT_CLASS = YES_ERROR;
				CLANG_WARN_QUOTED_INCLUDE_IN_FRAMEWORK_HEADER = YES;
				CLANG_WARN_RANGE_LOOP_ANALYSIS = YES;
				CLANG_WARN_STRICT_PROTOTYPES = YES;
				CLANG_WARN_SUSPICIOUS_MOVE = YES;
				CLANG_WARN_UNGUARDED_AVAILABILITY = YES_AGGRESSIVE;
				CLANG_WARN_UNREACHABLE_CODE = YES;
				CLANG_WARN__DUPLICATE_METHOD_MATCH = YES;
				COPY_PHASE_STRIP = NO;
				DEBUG_INFORMATION_FORMAT = "dwarf-with-dsym";
				ENABLE_NS_ASSERTIONS = NO;
				ENABLE_STRICT_OBJC_MSGSEND = YES;
				ENABLE_USER_SCRIPT_SANDBOXING = YES;
				GCC_C_LANGUAGE_STANDARD = gnu17;
				GCC_NO_COMMON_BLOCKS = YES;
				GCC_WARN_64_TO_32_BIT_CONVERSION = YES;
				GCC_WARN_ABOUT_RETURN_TYPE = YES_ERROR;
				GCC_WARN_UNDECLARED_SELECTOR = YES;
				GCC_WARN_UNINITIALIZED_AUTOS = YES_AGGRESSIVE;
				GCC_WARN_UNUSED_FUNCTION = YES;
				GCC_WARN_UNUSED_VARIABLE = YES;
				IPHONEOS_DEPLOYMENT_TARGET = 17.5;
				LOCALIZATION_PREFERS_STRING_CATALOGS = YES;
				MTL_ENABLE_DEBUG_INFO = NO;
				MTL_FAST_MATH = YES;
				SDKROOT = iphoneos;
				SWIFT_COMPILATION_MODE = wholemodule;
				VALIDATE_PRODUCT = YES;
			};
			name = Release;
		};
		065AE6962CB8360600085768 /* Debug */ = {
			isa = XCBuildConfiguration;
			buildSettings = {
				ASSETCATALOG_COMPILER_APPICON_NAME = AppIcon;
				ASSETCATALOG_COMPILER_GLOBAL_ACCENT_COLOR_NAME = AccentColor;
				CODE_SIGN_STYLE = Automatic;
				CURRENT_PROJECT_VERSION = 1;
				DEVELOPMENT_ASSET_PATHS = "\"Jogo do reflexo/Preview Content\"";
				ENABLE_PREVIEWS = YES;
				GENERATE_INFOPLIST_FILE = YES;
				INFOPLIST_FILE = "Jogo-do-reflexo-Info.plist";
				INFOPLIST_KEY_CFBundleDisplayName = "";
				INFOPLIST_KEY_LSApplicationCategoryType = "";
				INFOPLIST_KEY_UIApplicationSceneManifest_Generation = YES;
				INFOPLIST_KEY_UIApplicationSupportsIndirectInputEvents = YES;
				INFOPLIST_KEY_UILaunchScreen_Generation = YES;
				INFOPLIST_KEY_UISupportedInterfaceOrientations_iPad = "UIInterfaceOrientationPortrait UIInterfaceOrientationPortraitUpsideDown UIInterfaceOrientationLandscapeLeft UIInterfaceOrientationLandscapeRight";
				INFOPLIST_KEY_UISupportedInterfaceOrientations_iPhone = "UIInterfaceOrientationPortrait UIInterfaceOrientationLandscapeLeft UIInterfaceOrientationLandscapeRight";
				LD_RUNPATH_SEARCH_PATHS = (
					"$(inherited)",
					"@executable_path/Frameworks",
				);
				MARKETING_VERSION = 1.0;
				PRODUCT_BUNDLE_IDENTIFIER = "Pri.Jogo-do-reflexo";
				PRODUCT_NAME = "$(TARGET_NAME)";
				SWIFT_EMIT_LOC_STRINGS = YES;
				SWIFT_VERSION = 5.0;
				TARGETED_DEVICE_FAMILY = "1,2";
			};
			name = Debug;
		};
		065AE6972CB8360600085768 /* Release */ = {
			isa = XCBuildConfiguration;
			buildSettings = {
				ASSETCATALOG_COMPILER_APPICON_NAME = AppIcon;
				ASSETCATALOG_COMPILER_GLOBAL_ACCENT_COLOR_NAME = AccentColor;
				CODE_SIGN_STYLE = Automatic;
				CURRENT_PROJECT_VERSION = 1;
				DEVELOPMENT_ASSET_PATHS = "\"Jogo do reflexo/Preview Content\"";
				ENABLE_PREVIEWS = YES;
				GENERATE_INFOPLIST_FILE = YES;
				INFOPLIST_FILE = "Jogo-do-reflexo-Info.plist";
				INFOPLIST_KEY_CFBundleDisplayName = "";
				INFOPLIST_KEY_LSApplicationCategoryType = "";
				INFOPLIST_KEY_UIApplicationSceneManifest_Generation = YES;
				INFOPLIST_KEY_UIApplicationSupportsIndirectInputEvents = YES;
				INFOPLIST_KEY_UILaunchScreen_Generation = YES;
				INFOPLIST_KEY_UISupportedInterfaceOrientations_iPad = "UIInterfaceOrientationPortrait UIInterfaceOrientationPortraitUpsideDown UIInterfaceOrientationLandscapeLeft UIInterfaceOrientationLandscapeRight";
				INFOPLIST_KEY_UISupportedInterfaceOrientations_iPhone = "UIInterfaceOrientationPortrait UIInterfaceOrientationLandscapeLeft UIInterfaceOrientationLandscapeRight";
				LD_RUNPATH_SEARCH_PATHS = (
					"$(inherited)",
					"@executable_path/Frameworks",
				);
				MARKETING_VERSION = 1.0;
				PRODUCT_BUNDLE_IDENTIFIER = "Pri.Jogo-do-reflexo";
				PRODUCT_NAME = "$(TARGET_NAME)";
				SWIFT_EMIT_LOC_STRINGS = YES;
				SWIFT_VERSION = 5.0;
				TARGETED_DEVICE_FAMILY = "1,2";
			};
			name = Release;
		};
/* End XCBuildConfiguration section */

/* Begin XCConfigurationList section */
		065AE6822CB8360400085768 /* Build configuration list for PBXProject "Jogo do reflexo" */ = {
			isa = XCConfigurationList;
			buildConfigurations = (
				065AE6932CB8360600085768 /* Debug */,
				065AE6942CB8360600085768 /* Release */,
			);
			defaultConfigurationIsVisible = 0;
			defaultConfigurationName = Release;
		};
		065AE6952CB8360600085768 /* Build configuration list for PBXNativeTarget "Jogo do reflexo" */ = {
			isa = XCConfigurationList;
			buildConfigurations = (
				065AE6962CB8360600085768 /* Debug */,
				065AE6972CB8360600085768 /* Release */,
			);
			defaultConfigurationIsVisible = 0;
			defaultConfigurationName = Release;
		};
/* End XCConfigurationList section */
	};
	rootObject = 065AE67F2CB8360400085768 /* Project object */;
}
