// !$*UTF8*$!
{
	archiveVersion = 1;
	classes = {
	};
	objectVersion = 56;
	objects = {

/* Begin PBXBuildFile section */
		8A85ADE32CB839BD00ED4644 /* Jogo_do_reflexoApp.swift in Sources */ = {isa = PBXBuildFile; fileRef = 8A85ADE22CB839BD00ED4644 /* Jogo_do_reflexoApp.swift */; };
		8A85ADE52CB839BD00ED4644 /* ContentView.swift in Sources */ = {isa = PBXBuildFile; fileRef = 8A85ADE42CB839BD00ED4644 /* ContentView.swift */; };
		8A85ADE72CB839C400ED4644 /* Assets.xcassets in Resources */ = {isa = PBXBuildFile; fileRef = 8A85ADE62CB839C400ED4644 /* Assets.xcassets */; };
		8A85ADEA2CB839C400ED4644 /* Preview Assets.xcassets in Resources */ = {isa = PBXBuildFile; fileRef = 8A85ADE92CB839C400ED4644 /* Preview Assets.xcassets */; };
		8A85ADF12CB83AAF00ED4644 /* pontuacao geral.swift in Sources */ = {isa = PBXBuildFile; fileRef = 8A85ADF02CB83AAF00ED4644 /* pontuacao geral.swift */; };
		8A85ADFC2CB85A0200ED4644 /* Model.swift in Sources */ = {isa = PBXBuildFile; fileRef = 8A85ADFB2CB85A0200ED4644 /* Model.swift */; };
		8A85ADFE2CB85A9100ED4644 /* Viewmodel.swift in Sources */ = {isa = PBXBuildFile; fileRef = 8A85ADFD2CB85A9100ED4644 /* Viewmodel.swift */; };
		8AF97B8B2CB9927000AF8A00 /* AjustesView.swift in Sources */ = {isa = PBXBuildFile; fileRef = 8AF97B8A2CB9927000AF8A00 /* AjustesView.swift */; };
		8AF97BAD2CBD90F800AF8A00 /* WebSocketViewModel.swift in Sources */ = {isa = PBXBuildFile; fileRef = 8AF97BAC2CBD90F800AF8A00 /* WebSocketViewModel.swift */; };
		8AF97BAF2CBD99B700AF8A00 /* EsperaView.swift in Sources */ = {isa = PBXBuildFile; fileRef = 8AF97BAE2CBD99B700AF8A00 /* EsperaView.swift */; };
		C704BC672CBECF3000A5EBE5 /* Property List.plist in Resources */ = {isa = PBXBuildFile; fileRef = C704BC662CBECF3000A5EBE5 /* Property List.plist */; };
		C7E1922F2CC03963006B7D8A /* RankingView.swift in Sources */ = {isa = PBXBuildFile; fileRef = C7E1922E2CC03963006B7D8A /* RankingView.swift */; };
/* End PBXBuildFile section */

/* Begin PBXFileReference section */
		8A85ADDF2CB839BC00ED4644 /* Jogo do reflexo.app */ = {isa = PBXFileReference; explicitFileType = wrapper.application; includeInIndex = 0; path = "Jogo do reflexo.app"; sourceTree = BUILT_PRODUCTS_DIR; };
		8A85ADE22CB839BD00ED4644 /* Jogo_do_reflexoApp.swift */ = {isa = PBXFileReference; lastKnownFileType = sourcecode.swift; path = Jogo_do_reflexoApp.swift; sourceTree = "<group>"; };
		8A85ADE42CB839BD00ED4644 /* ContentView.swift */ = {isa = PBXFileReference; lastKnownFileType = sourcecode.swift; path = ContentView.swift; sourceTree = "<group>"; };
		8A85ADE62CB839C400ED4644 /* Assets.xcassets */ = {isa = PBXFileReference; lastKnownFileType = folder.assetcatalog; path = Assets.xcassets; sourceTree = "<group>"; };
		8A85ADE92CB839C400ED4644 /* Preview Assets.xcassets */ = {isa = PBXFileReference; lastKnownFileType = folder.assetcatalog; path = "Preview Assets.xcassets"; sourceTree = "<group>"; };
		8A85ADF02CB83AAF00ED4644 /* pontuacao geral.swift */ = {isa = PBXFileReference; lastKnownFileType = sourcecode.swift; path = "pontuacao geral.swift"; sourceTree = "<group>"; };
		8A85ADF22CB84BCA00ED4644 /* Irish_Grover */ = {isa = PBXFileReference; lastKnownFileType = folder; name = Irish_Grover; path = ../../../../../Downloads/Irish_Grover; sourceTree = "<group>"; };
		8A85ADFB2CB85A0200ED4644 /* Model.swift */ = {isa = PBXFileReference; lastKnownFileType = sourcecode.swift; path = Model.swift; sourceTree = "<group>"; };
		8A85ADFD2CB85A9100ED4644 /* Viewmodel.swift */ = {isa = PBXFileReference; lastKnownFileType = sourcecode.swift; path = Viewmodel.swift; sourceTree = "<group>"; };
		8AF97B8A2CB9927000AF8A00 /* AjustesView.swift */ = {isa = PBXFileReference; lastKnownFileType = sourcecode.swift; path = AjustesView.swift; sourceTree = "<group>"; };
		8AF97BAC2CBD90F800AF8A00 /* WebSocketViewModel.swift */ = {isa = PBXFileReference; lastKnownFileType = sourcecode.swift; path = WebSocketViewModel.swift; sourceTree = "<group>"; };
		8AF97BAE2CBD99B700AF8A00 /* EsperaView.swift */ = {isa = PBXFileReference; lastKnownFileType = sourcecode.swift; path = EsperaView.swift; sourceTree = "<group>"; };
		C704BC662CBECF3000A5EBE5 /* Property List.plist */ = {isa = PBXFileReference; lastKnownFileType = text.plist.xml; path = "Property List.plist"; sourceTree = "<group>"; };
		C7E1922E2CC03963006B7D8A /* RankingView.swift */ = {isa = PBXFileReference; lastKnownFileType = sourcecode.swift; path = RankingView.swift; sourceTree = "<group>"; };
		C7F28C582CBDA53000E791D3 /* IrishGrover-Regular.ttf */ = {isa = PBXFileReference; lastKnownFileType = file; path = "IrishGrover-Regular.ttf"; sourceTree = "<group>"; };
/* End PBXFileReference section */

/* Begin PBXFrameworksBuildPhase section */
		8A85ADDC2CB839BC00ED4644 /* Frameworks */ = {
			isa = PBXFrameworksBuildPhase;
			buildActionMask = 2147483647;
			files = (
			);
			runOnlyForDeploymentPostprocessing = 0;
		};
/* End PBXFrameworksBuildPhase section */

/* Begin PBXGroup section */
		8A85ADD62CB839BC00ED4644 = {
			isa = PBXGroup;
			children = (
				C704BC662CBECF3000A5EBE5 /* Property List.plist */,
				8AF97B8A2CB9927000AF8A00 /* AjustesView.swift */,
				8AF97BAC2CBD90F800AF8A00 /* WebSocketViewModel.swift */,
				8A85ADE12CB839BC00ED4644 /* Jogo do reflexo */,
				8A85ADE02CB839BC00ED4644 /* Products */,
			);
			sourceTree = "<group>";
		};
		8A85ADE02CB839BC00ED4644 /* Products */ = {
			isa = PBXGroup;
			children = (
				8A85ADDF2CB839BC00ED4644 /* Jogo do reflexo.app */,
			);
			name = Products;
			sourceTree = "<group>";
		};
		8A85ADE12CB839BC00ED4644 /* Jogo do reflexo */ = {
			isa = PBXGroup;
			children = (
				8A85ADF02CB83AAF00ED4644 /* pontuacao geral.swift */,
				8A85ADFB2CB85A0200ED4644 /* Model.swift */,
				8A85ADFD2CB85A9100ED4644 /* Viewmodel.swift */,
				8A85ADE22CB839BD00ED4644 /* Jogo_do_reflexoApp.swift */,
				8A85ADE42CB839BD00ED4644 /* ContentView.swift */,
				C7F28C582CBDA53000E791D3 /* IrishGrover-Regular.ttf */,
				8A85ADE62CB839C400ED4644 /* Assets.xcassets */,
				8A85ADE82CB839C400ED4644 /* Preview Content */,
				8AF97BAE2CBD99B700AF8A00 /* EsperaView.swift */,
				C7E1922E2CC03963006B7D8A /* RankingView.swift */,
			);
			path = "Jogo do reflexo";
			sourceTree = "<group>";
		};
		8A85ADE82CB839C400ED4644 /* Preview Content */ = {
			isa = PBXGroup;
			children = (
				8A85ADF22CB84BCA00ED4644 /* Irish_Grover */,
				8A85ADE92CB839C400ED4644 /* Preview Assets.xcassets */,
			);
			path = "Preview Content";
			sourceTree = "<group>";
		};
/* End PBXGroup section */

/* Begin PBXNativeTarget section */
		8A85ADDE2CB839BC00ED4644 /* Jogo do reflexo */ = {
			isa = PBXNativeTarget;
			buildConfigurationList = 8A85ADED2CB839C400ED4644 /* Build configuration list for PBXNativeTarget "Jogo do reflexo" */;
			buildPhases = (
				8A85ADDB2CB839BC00ED4644 /* Sources */,
				8A85ADDC2CB839BC00ED4644 /* Frameworks */,
				8A85ADDD2CB839BC00ED4644 /* Resources */,
			);
			buildRules = (
			);
			dependencies = (
			);
			name = "Jogo do reflexo";
			productName = "Jogo do reflexo";
			productReference = 8A85ADDF2CB839BC00ED4644 /* Jogo do reflexo.app */;
			productType = "com.apple.product-type.application";
		};
/* End PBXNativeTarget section */

/* Begin PBXProject section */
		8A85ADD72CB839BC00ED4644 /* Project object */ = {
			isa = PBXProject;
			attributes = {
				BuildIndependentTargetsInParallel = 1;
				LastSwiftUpdateCheck = 1520;
				LastUpgradeCheck = 1520;
				TargetAttributes = {
					8A85ADDE2CB839BC00ED4644 = {
						CreatedOnToolsVersion = 15.2;
					};
				};
			};
			buildConfigurationList = 8A85ADDA2CB839BC00ED4644 /* Build configuration list for PBXProject "Jogo do reflexo" */;
			compatibilityVersion = "Xcode 14.0";
			developmentRegion = en;
			hasScannedForEncodings = 0;
			knownRegions = (
				en,
				Base,
			);
			mainGroup = 8A85ADD62CB839BC00ED4644;
			productRefGroup = 8A85ADE02CB839BC00ED4644 /* Products */;
			projectDirPath = "";
			projectRoot = "";
			targets = (
				8A85ADDE2CB839BC00ED4644 /* Jogo do reflexo */,
			);
		};
/* End PBXProject section */

/* Begin PBXResourcesBuildPhase section */
		8A85ADDD2CB839BC00ED4644 /* Resources */ = {
			isa = PBXResourcesBuildPhase;
			buildActionMask = 2147483647;
			files = (
				C704BC672CBECF3000A5EBE5 /* Property List.plist in Resources */,
				8A85ADEA2CB839C400ED4644 /* Preview Assets.xcassets in Resources */,
				8A85ADE72CB839C400ED4644 /* Assets.xcassets in Resources */,
			);
			runOnlyForDeploymentPostprocessing = 0;
		};
/* End PBXResourcesBuildPhase section */

/* Begin PBXSourcesBuildPhase section */
		8A85ADDB2CB839BC00ED4644 /* Sources */ = {
			isa = PBXSourcesBuildPhase;
			buildActionMask = 2147483647;
			files = (
				8A85ADF12CB83AAF00ED4644 /* pontuacao geral.swift in Sources */,
				C7E1922F2CC03963006B7D8A /* RankingView.swift in Sources */,
				8A85ADE52CB839BD00ED4644 /* ContentView.swift in Sources */,
				8AF97B8B2CB9927000AF8A00 /* AjustesView.swift in Sources */,
				8A85ADE32CB839BD00ED4644 /* Jogo_do_reflexoApp.swift in Sources */,
				8AF97BAD2CBD90F800AF8A00 /* WebSocketViewModel.swift in Sources */,
				8A85ADFC2CB85A0200ED4644 /* Model.swift in Sources */,
				8AF97BAF2CBD99B700AF8A00 /* EsperaView.swift in Sources */,
				8A85ADFE2CB85A9100ED4644 /* Viewmodel.swift in Sources */,
			);
			runOnlyForDeploymentPostprocessing = 0;
		};
/* End PBXSourcesBuildPhase section */

/* Begin XCBuildConfiguration section */
		8A85ADEB2CB839C400ED4644 /* Debug */ = {
			isa = XCBuildConfiguration;
			buildSettings = {
				ALWAYS_SEARCH_USER_PATHS = NO;
				ASSETCATALOG_COMPILER_GENERATE_SWIFT_ASSET_SYMBOL_EXTENSIONS = YES;
				CLANG_ANALYZER_NONNULL = YES;
				CLANG_ANALYZER_NUMBER_OBJECT_CONVERSION = YES_AGGRESSIVE;
				CLANG_CXX_LANGUAGE_STANDARD = "gnu++20";
				CLANG_ENABLE_MODULES = YES;
				CLANG_ENABLE_OBJC_ARC = YES;
				CLANG_ENABLE_OBJC_WEAK = YES;
				CLANG_WARN_BLOCK_CAPTURE_AUTORELEASING = YES;
				CLANG_WARN_BOOL_CONVERSION = YES;
				CLANG_WARN_COMMA = YES;
				CLANG_WARN_CONSTANT_CONVERSION = YES;
				CLANG_WARN_DEPRECATED_OBJC_IMPLEMENTATIONS = YES;
				CLANG_WARN_DIRECT_OBJC_ISA_USAGE = YES_ERROR;
				CLANG_WARN_DOCUMENTATION_COMMENTS = YES;
				CLANG_WARN_EMPTY_BODY = YES;
				CLANG_WARN_ENUM_CONVERSION = YES;
				CLANG_WARN_INFINITE_RECURSION = YES;
				CLANG_WARN_INT_CONVERSION = YES;
				CLANG_WARN_NON_LITERAL_NULL_CONVERSION = YES;
				CLANG_WARN_OBJC_IMPLICIT_RETAIN_SELF = YES;
				CLANG_WARN_OBJC_LITERAL_CONVERSION = YES;
				CLANG_WARN_OBJC_ROOT_CLASS = YES_ERROR;
				CLANG_WARN_QUOTED_INCLUDE_IN_FRAMEWORK_HEADER = YES;
				CLANG_WARN_RANGE_LOOP_ANALYSIS = YES;
				CLANG_WARN_STRICT_PROTOTYPES = YES;
				CLANG_WARN_SUSPICIOUS_MOVE = YES;
				CLANG_WARN_UNGUARDED_AVAILABILITY = YES_AGGRESSIVE;
				CLANG_WARN_UNREACHABLE_CODE = YES;
				CLANG_WARN__DUPLICATE_METHOD_MATCH = YES;
				COPY_PHASE_STRIP = NO;
				DEBUG_INFORMATION_FORMAT = dwarf;
				ENABLE_STRICT_OBJC_MSGSEND = YES;
				ENABLE_TESTABILITY = YES;
				ENABLE_USER_SCRIPT_SANDBOXING = YES;
				GCC_C_LANGUAGE_STANDARD = gnu17;
				GCC_DYNAMIC_NO_PIC = NO;
				GCC_NO_COMMON_BLOCKS = YES;
				GCC_OPTIMIZATION_LEVEL = 0;
				GCC_PREPROCESSOR_DEFINITIONS = (
					"DEBUG=1",
					"$(inherited)",
				);
				GCC_WARN_64_TO_32_BIT_CONVERSION = YES;
				GCC_WARN_ABOUT_RETURN_TYPE = YES_ERROR;
				GCC_WARN_UNDECLARED_SELECTOR = YES;
				GCC_WARN_UNINITIALIZED_AUTOS = YES_AGGRESSIVE;
				GCC_WARN_UNUSED_FUNCTION = YES;
				GCC_WARN_UNUSED_VARIABLE = YES;
				IPHONEOS_DEPLOYMENT_TARGET = 17.2;
				LOCALIZATION_PREFERS_STRING_CATALOGS = YES;
				MTL_ENABLE_DEBUG_INFO = INCLUDE_SOURCE;
				MTL_FAST_MATH = YES;
				ONLY_ACTIVE_ARCH = YES;
				SDKROOT = iphoneos;
				SWIFT_ACTIVE_COMPILATION_CONDITIONS = "DEBUG $(inherited)";
				SWIFT_OPTIMIZATION_LEVEL = "-Onone";
			};
			name = Debug;
		};
		8A85ADEC2CB839C400ED4644 /* Release */ = {
			isa = XCBuildConfiguration;
			buildSettings = {
				ALWAYS_SEARCH_USER_PATHS = NO;
				ASSETCATALOG_COMPILER_GENERATE_SWIFT_ASSET_SYMBOL_EXTENSIONS = YES;
				CLANG_ANALYZER_NONNULL = YES;
				CLANG_ANALYZER_NUMBER_OBJECT_CONVERSION = YES_AGGRESSIVE;
				CLANG_CXX_LANGUAGE_STANDARD = "gnu++20";
				CLANG_ENABLE_MODULES = YES;
				CLANG_ENABLE_OBJC_ARC = YES;
				CLANG_ENABLE_OBJC_WEAK = YES;
				CLANG_WARN_BLOCK_CAPTURE_AUTORELEASING = YES;
				CLANG_WARN_BOOL_CONVERSION = YES;
				CLANG_WARN_COMMA = YES;
				CLANG_WARN_CONSTANT_CONVERSION = YES;
				CLANG_WARN_DEPRECATED_OBJC_IMPLEMENTATIONS = YES;
				CLANG_WARN_DIRECT_OBJC_ISA_USAGE = YES_ERROR;
				CLANG_WARN_DOCUMENTATION_COMMENTS = YES;
				CLANG_WARN_EMPTY_BODY = YES;
				CLANG_WARN_ENUM_CONVERSION = YES;
				CLANG_WARN_INFINITE_RECURSION = YES;
				CLANG_WARN_INT_CONVERSION = YES;
				CLANG_WARN_NON_LITERAL_NULL_CONVERSION = YES;
				CLANG_WARN_OBJC_IMPLICIT_RETAIN_SELF = YES;
				CLANG_WARN_OBJC_LITERAL_CONVERSION = YES;
				CLANG_WARN_OBJC_ROOT_CLASS = YES_ERROR;
				CLANG_WARN_QUOTED_INCLUDE_IN_FRAMEWORK_HEADER = YES;
				CLANG_WARN_RANGE_LOOP_ANALYSIS = YES;
				CLANG_WARN_STRICT_PROTOTYPES = YES;
				CLANG_WARN_SUSPICIOUS_MOVE = YES;
				CLANG_WARN_UNGUARDED_AVAILABILITY = YES_AGGRESSIVE;
				CLANG_WARN_UNREACHABLE_CODE = YES;
				CLANG_WARN__DUPLICATE_METHOD_MATCH = YES;
				COPY_PHASE_STRIP = NO;
				DEBUG_INFORMATION_FORMAT = "dwarf-with-dsym";
				ENABLE_NS_ASSERTIONS = NO;
				ENABLE_STRICT_OBJC_MSGSEND = YES;
				ENABLE_USER_SCRIPT_SANDBOXING = YES;
				GCC_C_LANGUAGE_STANDARD = gnu17;
				GCC_NO_COMMON_BLOCKS = YES;
				GCC_WARN_64_TO_32_BIT_CONVERSION = YES;
				GCC_WARN_ABOUT_RETURN_TYPE = YES_ERROR;
				GCC_WARN_UNDECLARED_SELECTOR = YES;
				GCC_WARN_UNINITIALIZED_AUTOS = YES_AGGRESSIVE;
				GCC_WARN_UNUSED_FUNCTION = YES;
				GCC_WARN_UNUSED_VARIABLE = YES;
				IPHONEOS_DEPLOYMENT_TARGET = 17.2;
				LOCALIZATION_PREFERS_STRING_CATALOGS = YES;
				MTL_ENABLE_DEBUG_INFO = NO;
				MTL_FAST_MATH = YES;
				SDKROOT = iphoneos;
				SWIFT_COMPILATION_MODE = wholemodule;
				VALIDATE_PRODUCT = YES;
			};
			name = Release;
		};
		8A85ADEE2CB839C400ED4644 /* Debug */ = {
			isa = XCBuildConfiguration;
			buildSettings = {
				ASSETCATALOG_COMPILER_APPICON_NAME = AppIcon;
				ASSETCATALOG_COMPILER_GLOBAL_ACCENT_COLOR_NAME = AccentColor;
				CODE_SIGN_STYLE = Automatic;
				CURRENT_PROJECT_VERSION = 1;
				DEVELOPMENT_ASSET_PATHS = "\"Jogo do reflexo/Preview Content\"";
				ENABLE_PREVIEWS = YES;
				GENERATE_INFOPLIST_FILE = YES;
				INFOPLIST_FILE = "Jogo-do-reflexo-Info.plist";
				INFOPLIST_KEY_CFBundleDisplayName = "";
				INFOPLIST_KEY_LSApplicationCategoryType = "";
				INFOPLIST_KEY_UIApplicationSceneManifest_Generation = YES;
				INFOPLIST_KEY_UIApplicationSupportsIndirectInputEvents = YES;
				INFOPLIST_KEY_UILaunchScreen_Generation = YES;
				INFOPLIST_KEY_UISupportedInterfaceOrientations_iPad = "UIInterfaceOrientationPortrait UIInterfaceOrientationPortraitUpsideDown UIInterfaceOrientationLandscapeLeft UIInterfaceOrientationLandscapeRight";
				INFOPLIST_KEY_UISupportedInterfaceOrientations_iPhone = "UIInterfaceOrientationPortrait UIInterfaceOrientationLandscapeLeft UIInterfaceOrientationLandscapeRight";
				LD_RUNPATH_SEARCH_PATHS = (
					"$(inherited)",
					"@executable_path/Frameworks",
				);
				MARKETING_VERSION = 1.0;
				PRODUCT_BUNDLE_IDENTIFIER = "facisa.Jogo-do-reflexo";
				PRODUCT_NAME = "$(TARGET_NAME)";
				SWIFT_EMIT_LOC_STRINGS = YES;
				SWIFT_VERSION = 5.0;
				TARGETED_DEVICE_FAMILY = "1,2";
			};
			name = Debug;
		};
		8A85ADEF2CB839C400ED4644 /* Release */ = {
			isa = XCBuildConfiguration;
			buildSettings = {
				ASSETCATALOG_COMPILER_APPICON_NAME = AppIcon;
				ASSETCATALOG_COMPILER_GLOBAL_ACCENT_COLOR_NAME = AccentColor;
				CODE_SIGN_STYLE = Automatic;
				CURRENT_PROJECT_VERSION = 1;
				DEVELOPMENT_ASSET_PATHS = "\"Jogo do reflexo/Preview Content\"";
				ENABLE_PREVIEWS = YES;
				GENERATE_INFOPLIST_FILE = YES;
				INFOPLIST_FILE = "Jogo-do-reflexo-Info.plist";
				INFOPLIST_KEY_CFBundleDisplayName = "";
				INFOPLIST_KEY_LSApplicationCategoryType = "";
				INFOPLIST_KEY_UIApplicationSceneManifest_Generation = YES;
				INFOPLIST_KEY_UIApplicationSupportsIndirectInputEvents = YES;
				INFOPLIST_KEY_UILaunchScreen_Generation = YES;
				INFOPLIST_KEY_UISupportedInterfaceOrientations_iPad = "UIInterfaceOrientationPortrait UIInterfaceOrientationPortraitUpsideDown UIInterfaceOrientationLandscapeLeft UIInterfaceOrientationLandscapeRight";
				INFOPLIST_KEY_UISupportedInterfaceOrientations_iPhone = "UIInterfaceOrientationPortrait UIInterfaceOrientationLandscapeLeft UIInterfaceOrientationLandscapeRight";
				LD_RUNPATH_SEARCH_PATHS = (
					"$(inherited)",
					"@executable_path/Frameworks",
				);
				MARKETING_VERSION = 1.0;
				PRODUCT_BUNDLE_IDENTIFIER = "facisa.Jogo-do-reflexo";
				PRODUCT_NAME = "$(TARGET_NAME)";
				SWIFT_EMIT_LOC_STRINGS = YES;
				SWIFT_VERSION = 5.0;
				TARGETED_DEVICE_FAMILY = "1,2";
			};
			name = Release;
		};
/* End XCBuildConfiguration section */

/* Begin XCConfigurationList section */
		8A85ADDA2CB839BC00ED4644 /* Build configuration list for PBXProject "Jogo do reflexo" */ = {
			isa = XCConfigurationList;
			buildConfigurations = (
				8A85ADEB2CB839C400ED4644 /* Debug */,
				8A85ADEC2CB839C400ED4644 /* Release */,
			);
			defaultConfigurationIsVisible = 0;
			defaultConfigurationName = Release;
		};
		8A85ADED2CB839C400ED4644 /* Build configuration list for PBXNativeTarget "Jogo do reflexo" */ = {
			isa = XCConfigurationList;
			buildConfigurations = (
				8A85ADEE2CB839C400ED4644 /* Debug */,
				8A85ADEF2CB839C400ED4644 /* Release */,
			);
			defaultConfigurationIsVisible = 0;
			defaultConfigurationName = Release;
		};
/* End XCConfigurationList section */
	};
	rootObject = 8A85ADD72CB839BC00ED4644 /* Project object */;
}
